<?xml version="1.0" encoding="utf-8"?>
<Project ToolsVersion="4.0" xmlns="http://schemas.microsoft.com/developer/msbuild/2003">
  <ItemGroup>
    <Filter Include="Source Files">
      <UniqueIdentifier>{4FC737F1-C7A5-4376-A066-2A32D752A2FF}</UniqueIdentifier>
      <Extensions>cpp;c;cc;cxx;c++;cppm;ixx;def;odl;idl;hpj;bat;asm;asmx</Extensions>
    </Filter>
    <Filter Include="Header Files">
      <UniqueIdentifier>{93995380-89BD-4b04-88EB-625FBE52EBFB}</UniqueIdentifier>
      <Extensions>h;hh;hpp;hxx;h++;hm;inl;inc;ipp;xsd</Extensions>
    </Filter>
    <Filter Include="Resource Files">
      <UniqueIdentifier>{67DA6AB6-F800-4c08-8B7A-83BB121AAD01}</UniqueIdentifier>
      <Extensions>rc;ico;cur;bmp;dlg;rc2;rct;bin;rgs;gif;jpg;jpeg;jpe;resx;tiff;tif;png;wav;mfcribbon-ms</Extensions>
    </Filter>
  </ItemGroup>
  <ItemGroup>
    <ClCompile Include="C ++P1.cpp">
      <Filter>Source Files</Filter>
    </ClCompile>
  </ItemGroup>
  <ItemGroup>
    <ClInclude Include="my_math_library.h">
      <Filter>Header Files</Filter>
    </ClInclude>
    <ClInclude Include="my_array_library.h">
      <Filter>Header Files</Filter>
    </ClInclude>
    <ClInclude Include="cls_string.h">
      <Filter>Header Files</Filter>
    </ClInclude>
    <ClInclude Include="cls_Date.h">
      <Filter>Header Files</Filter>
    </ClInclude>
    <ClInclude Include="cls_periode.h">
      <Filter>Header Files</Filter>
    </ClInclude>
    <ClInclude Include="cls_util.h">
      <Filter>Header Files</Filter>
    </ClInclude>
    <ClInclude Include="cls_input_validate.h">
      <Filter>Header Files</Filter>
    </ClInclude>
    <ClInclude Include="cls_person.h">
      <Filter>Header Files</Filter>
    </ClInclude>
    <ClInclude Include="cls_bank_clint.h">
      <Filter>Header Files</Filter>
    </ClInclude>
    <ClInclude Include="cls_screen.h">
      <Filter>Header Files</Filter>
    </ClInclude>
    <ClInclude Include="cls_main_screen.h">
      <Filter>Header Files</Filter>
    </ClInclude>
    <ClInclude Include="cls_clint_list_screen.h">
      <Filter>Header Files</Filter>
    </ClInclude>
    <ClInclude Include="cls_add_new_clint_screen.h">
      <Filter>Header Files</Filter>
    </ClInclude>
    <ClInclude Include="cls_delete_clint_screen.h">
      <Filter>Header Files</Filter>
    </ClInclude>
    <ClInclude Include="cls_update_clint_screen.h">
      <Filter>Header Files</Filter>
    </ClInclude>
    <ClInclude Include="cls_find_clint_screen.h">
      <Filter>Header Files</Filter>
    </ClInclude>
    <ClInclude Include="cls_transactions_screen.h">
      <Filter>Header Files</Filter>
    </ClInclude>
    <ClInclude Include="cls_deposit_screen.h">
      <Filter>Header Files</Filter>
    </ClInclude>
    <ClInclude Include="cls_withdraw_screen.h">
      <Filter>Header Files</Filter>
    </ClInclude>
    <ClInclude Include="cls_total_balances_screen.h">
      <Filter>Header Files</Filter>
    </ClInclude>
    <ClInclude Include="cls_manage_users_screen.h">
      <Filter>Header Files</Filter>
    </ClInclude>
    <ClInclude Include="cls_user.h">
      <Filter>Header Files</Filter>
    </ClInclude>
    <ClInclude Include="cls_list_users_screen.h">
      <Filter>Header Files</Filter>
    </ClInclude>
    <ClInclude Include="cls_add_new_user_screen.h">
      <Filter>Header Files</Filter>
    </ClInclude>
    <ClInclude Include="cls_delete_user_screen.h">
      <Filter>Header Files</Filter>
    </ClInclude>
    <ClInclude Include="cls_update_user_screen.h">
      <Filter>Header Files</Filter>
    </ClInclude>
    <ClInclude Include="cls_find_user_screen.h">
      <Filter>Header Files</Filter>
    </ClInclude>
    <ClInclude Include="cls_login_screen.h">
      <Filter>Header Files</Filter>
    </ClInclude>
    <ClInclude Include="Global.h">
      <Filter>Header Files</Filter>
    </ClInclude>
    <ClInclude Include="cls_login_register_screen.h">
      <Filter>Header Files</Filter>
    </ClInclude>
    <ClInclude Include="cls_transfer_screen.h">
      <Filter>Header Files</Filter>
    </ClInclude>
    <ClInclude Include="cls_transfer_log_screen.h">
      <Filter>Header Files</Filter>
    </ClInclude>
  </ItemGroup>
</Project>